{
  "originHash" : "7c685088b8bb7f0ce8bb80aa07991ea4ab018d12a10c682707ae6823dfc477f6",
  "pins" : [
    {
      "identity" : "chapterscript",
      "kind" : "remoteSourceControl",
      "location" : "https://github.com/mike-bundy/ChapterScript.git",
      "state" : {
        "revision" : "43cd1693a60bddd238dc784427d8099ec8b28329",
        "version" : "0.4.2"
      }
    }
  ],
  "version" : 3
}
