{
  "originHash" : "7c685088b8bb7f0ce8bb80aa07991ea4ab018d12a10c682707ae6823dfc477f6",
  "pins" : [
    {
      "identity" : "chapterscript",
      "kind" : "remoteSourceControl",
      "location" : "https://github.com/mike-bundy/ChapterScript.git",
      "state" : {
        "revision" : "8123ab2a21f7b5ae34d0846e4849105f874b07a9",
        "version" : "0.4.1"
      }
    }
  ],
  "version" : 3
}
